
Microsoft Visual Studio Solution File, Format Version 12.00
# Visual Studio 15
VisualStudioVersion = 15.0.28307.572
MinimumVisualStudioVersion = 10.0.40219.1
Project("{8BC9CEB8-8B4A-11D0-8D11-00A0C91BC942}") = "Coffeeshop", "Coffeeshop\Coffeeshop.vcxproj", "{01AB6830-DB71-4FE4-8F86-BE0216993241}"
EndProject
Global
	GlobalSection(SolutionConfigurationPlatforms) = preSolution
		Debug|x64 = Debug|x64
		Debug|x86 = Debug|x86
		Release|x64 = Release|x64
		Release|x86 = Release|x86
	EndGlobalSection
	GlobalSection(ProjectConfigurationPlatforms) = postSolution
		{01AB6830-DB71-4FE4-8F86-BE0216993241}.Debug|x64.ActiveCfg = Debug|x64
		{01AB6830-DB71-4FE4-8F86-BE0216993241}.Debug|x64.Build.0 = Debug|x64
		{01AB6830-DB71-4FE4-8F86-BE0216993241}.Debug|x86.ActiveCfg = Debug|Win32
		{01AB6830-DB71-4FE4-8F86-BE0216993241}.Debug|x86.Build.0 = Debug|Win32
		{01AB6830-DB71-4FE4-8F86-BE0216993241}.Release|x64.ActiveCfg = Release|x64
		{01AB6830-DB71-4FE4-8F86-BE0216993241}.Release|x64.Build.0 = Release|x64
		{01AB6830-DB71-4FE4-8F86-BE0216993241}.Release|x86.ActiveCfg = Release|Win32
		{01AB6830-DB71-4FE4-8F86-BE0216993241}.Release|x86.Build.0 = Release|Win32
	EndGlobalSection
	GlobalSection(SolutionProperties) = preSolution
		HideSolutionNode = FALSE
	EndGlobalSection
	GlobalSection(ExtensibilityGlobals) = postSolution
		SolutionGuid = {E387EFBE-F45C-4D9E-9BA8-AA2AC806C07B}
	EndGlobalSection
EndGlobal
